
Microsoft Visual Studio Solution File, Format Version 12.00
# Visual Studio Version 16
VisualStudioVersion = 16.0.30011.22
MinimumVisualStudioVersion = 10.0.40219.1
Project("{FAE04EC0-301F-11D3-BF4B-00C04F79EFBC}") = "MeetingsAPI", "MeetingsAPI\MeetingsAPI.csproj", "{0ECD140D-A3AE-4995-81C1-47842A009E6F}"
EndProject
Project("{FAE04EC0-301F-11D3-BF4B-00C04F79EFBC}") = "MeetingsDomain", "MeetingsDomain\MeetingsDomain.csproj", "{56947584-B46E-428E-8FC4-7B72CC967A6F}"
EndProject
Project("{FAE04EC0-301F-11D3-BF4B-00C04F79EFBC}") = "MeetingsTests", "MeetingsTests\MeetingsTests.csproj", "{13595F05-7492-450D-9E2B-862EBF0603C2}"
EndProject
Global
	GlobalSection(SolutionConfigurationPlatforms) = preSolution
		Debug|Any CPU = Debug|Any CPU
		Release|Any CPU = Release|Any CPU
	EndGlobalSection
	GlobalSection(ProjectConfigurationPlatforms) = postSolution
		{0ECD140D-A3AE-4995-81C1-47842A009E6F}.Debug|Any CPU.ActiveCfg = Debug|Any CPU
		{0ECD140D-A3AE-4995-81C1-47842A009E6F}.Debug|Any CPU.Build.0 = Debug|Any CPU
		{0ECD140D-A3AE-4995-81C1-47842A009E6F}.Release|Any CPU.ActiveCfg = Release|Any CPU
		{0ECD140D-A3AE-4995-81C1-47842A009E6F}.Release|Any CPU.Build.0 = Release|Any CPU
		{56947584-B46E-428E-8FC4-7B72CC967A6F}.Debug|Any CPU.ActiveCfg = Debug|Any CPU
		{56947584-B46E-428E-8FC4-7B72CC967A6F}.Debug|Any CPU.Build.0 = Debug|Any CPU
		{56947584-B46E-428E-8FC4-7B72CC967A6F}.Release|Any CPU.ActiveCfg = Release|Any CPU
		{56947584-B46E-428E-8FC4-7B72CC967A6F}.Release|Any CPU.Build.0 = Release|Any CPU
		{13595F05-7492-450D-9E2B-862EBF0603C2}.Debug|Any CPU.ActiveCfg = Debug|Any CPU
		{13595F05-7492-450D-9E2B-862EBF0603C2}.Debug|Any CPU.Build.0 = Debug|Any CPU
		{13595F05-7492-450D-9E2B-862EBF0603C2}.Release|Any CPU.ActiveCfg = Release|Any CPU
		{13595F05-7492-450D-9E2B-862EBF0603C2}.Release|Any CPU.Build.0 = Release|Any CPU
	EndGlobalSection
	GlobalSection(SolutionProperties) = preSolution
		HideSolutionNode = FALSE
	EndGlobalSection
	GlobalSection(ExtensibilityGlobals) = postSolution
		SolutionGuid = {6DFBD4F7-E995-44B2-A7F4-7173031EE5BB}
	EndGlobalSection
EndGlobal
